// !$*UTF8*$!
{
	archiveVersion = 1;
	classes = {
	};
	objectVersion = 56;
	objects = {

/* Begin PBXBuildFile section */
		D10F7C5B2B819DB6007D27EB /* AppDelegate.swift in Sources */ = {isa = PBXBuildFile; fileRef = D10F7C5A2B819DB6007D27EB /* AppDelegate.swift */; };
		D10F7C5D2B819DB6007D27EB /* SceneDelegate.swift in Sources */ = {isa = PBXBuildFile; fileRef = D10F7C5C2B819DB6007D27EB /* SceneDelegate.swift */; };
		D10F7C5F2B819DB6007D27EB /* ViewController.swift in Sources */ = {isa = PBXBuildFile; fileRef = D10F7C5E2B819DB6007D27EB /* ViewController.swift */; };
		D10F7C642B819DB8007D27EB /* Assets.xcassets in Resources */ = {isa = PBXBuildFile; fileRef = D10F7C632B819DB8007D27EB /* Assets.xcassets */; };
		D10F7C672B819DB8007D27EB /* LaunchScreen.storyboard in Resources */ = {isa = PBXBuildFile; fileRef = D10F7C652B819DB8007D27EB /* LaunchScreen.storyboard */; };
		D10F7C722B81A5CC007D27EB /* FlowCoordinatorController.swift in Sources */ = {isa = PBXBuildFile; fileRef = D10F7C712B81A5CC007D27EB /* FlowCoordinatorController.swift */; };
		D10F7C742B81A690007D27EB /* Coordinator.swift in Sources */ = {isa = PBXBuildFile; fileRef = D10F7C732B81A690007D27EB /* Coordinator.swift */; };
		D10F7C7A2B81ACF9007D27EB /* HomeViewController.swift in Sources */ = {isa = PBXBuildFile; fileRef = D10F7C792B81ACF9007D27EB /* HomeViewController.swift */; };
		D10F7C7D2B81C148007D27EB /* MovieTableViewCell.swift in Sources */ = {isa = PBXBuildFile; fileRef = D10F7C7C2B81C148007D27EB /* MovieTableViewCell.swift */; };
		D10F7C7F2B81C15C007D27EB /* MovieModel.swift in Sources */ = {isa = PBXBuildFile; fileRef = D10F7C7E2B81C15C007D27EB /* MovieModel.swift */; };
		D10F7C812B81C25B007D27EB /* HomeViewModel.swift in Sources */ = {isa = PBXBuildFile; fileRef = D10F7C802B81C25B007D27EB /* HomeViewModel.swift */; };
		D10F7C852B81D507007D27EB /* ModelAPI.swift in Sources */ = {isa = PBXBuildFile; fileRef = D10F7C842B81D507007D27EB /* ModelAPI.swift */; };
		D10F7C872B81E31F007D27EB /* MovieDetailsViewController.swift in Sources */ = {isa = PBXBuildFile; fileRef = D10F7C862B81E31E007D27EB /* MovieDetailsViewController.swift */; };
		D10F7C892B823173007D27EB /* Jomhuria-Regular.ttf in Resources */ = {isa = PBXBuildFile; fileRef = D10F7C882B823173007D27EB /* Jomhuria-Regular.ttf */; };
		D10F7C8F2B823CD2007D27EB /* FavoritesMoviesViewController.swift in Sources */ = {isa = PBXBuildFile; fileRef = D10F7C8E2B823CD2007D27EB /* FavoritesMoviesViewController.swift */; };
		D10F7C932B831359007D27EB /* FavoritesManager.swift in Sources */ = {isa = PBXBuildFile; fileRef = D10F7C922B831359007D27EB /* FavoritesManager.swift */; };
		D10F7C952B8316FA007D27EB /* MovieCollectionViewCell.swift in Sources */ = {isa = PBXBuildFile; fileRef = D10F7C942B8316FA007D27EB /* MovieCollectionViewCell.swift */; };
/* End PBXBuildFile section */

/* Begin PBXFileReference section */
		D10F7C572B819DB6007D27EB /* Talent-Wars.app */ = {isa = PBXFileReference; explicitFileType = wrapper.application; includeInIndex = 0; path = "Talent-Wars.app"; sourceTree = BUILT_PRODUCTS_DIR; };
		D10F7C5A2B819DB6007D27EB /* AppDelegate.swift */ = {isa = PBXFileReference; lastKnownFileType = sourcecode.swift; path = AppDelegate.swift; sourceTree = "<group>"; };
		D10F7C5C2B819DB6007D27EB /* SceneDelegate.swift */ = {isa = PBXFileReference; lastKnownFileType = sourcecode.swift; path = SceneDelegate.swift; sourceTree = "<group>"; };
		D10F7C5E2B819DB6007D27EB /* ViewController.swift */ = {isa = PBXFileReference; lastKnownFileType = sourcecode.swift; path = ViewController.swift; sourceTree = "<group>"; };
		D10F7C632B819DB8007D27EB /* Assets.xcassets */ = {isa = PBXFileReference; lastKnownFileType = folder.assetcatalog; path = Assets.xcassets; sourceTree = "<group>"; };
		D10F7C662B819DB8007D27EB /* Base */ = {isa = PBXFileReference; lastKnownFileType = file.storyboard; name = Base; path = Base.lproj/LaunchScreen.storyboard; sourceTree = "<group>"; };
		D10F7C682B819DB8007D27EB /* Info.plist */ = {isa = PBXFileReference; lastKnownFileType = text.plist.xml; path = Info.plist; sourceTree = "<group>"; };
		D10F7C712B81A5CC007D27EB /* FlowCoordinatorController.swift */ = {isa = PBXFileReference; lastKnownFileType = sourcecode.swift; path = FlowCoordinatorController.swift; sourceTree = "<group>"; };
		D10F7C732B81A690007D27EB /* Coordinator.swift */ = {isa = PBXFileReference; lastKnownFileType = sourcecode.swift; path = Coordinator.swift; sourceTree = "<group>"; };
		D10F7C792B81ACF9007D27EB /* HomeViewController.swift */ = {isa = PBXFileReference; lastKnownFileType = sourcecode.swift; path = HomeViewController.swift; sourceTree = "<group>"; };
		D10F7C7C2B81C148007D27EB /* MovieTableViewCell.swift */ = {isa = PBXFileReference; lastKnownFileType = sourcecode.swift; path = MovieTableViewCell.swift; sourceTree = "<group>"; };
		D10F7C7E2B81C15C007D27EB /* MovieModel.swift */ = {isa = PBXFileReference; lastKnownFileType = sourcecode.swift; path = MovieModel.swift; sourceTree = "<group>"; };
		D10F7C802B81C25B007D27EB /* HomeViewModel.swift */ = {isa = PBXFileReference; lastKnownFileType = sourcecode.swift; path = HomeViewModel.swift; sourceTree = "<group>"; };
		D10F7C842B81D507007D27EB /* ModelAPI.swift */ = {isa = PBXFileReference; lastKnownFileType = sourcecode.swift; path = ModelAPI.swift; sourceTree = "<group>"; };
		D10F7C862B81E31E007D27EB /* MovieDetailsViewController.swift */ = {isa = PBXFileReference; lastKnownFileType = sourcecode.swift; path = MovieDetailsViewController.swift; sourceTree = "<group>"; };
		D10F7C882B823173007D27EB /* Jomhuria-Regular.ttf */ = {isa = PBXFileReference; lastKnownFileType = file; path = "Jomhuria-Regular.ttf"; sourceTree = "<group>"; };
		D10F7C8E2B823CD2007D27EB /* FavoritesMoviesViewController.swift */ = {isa = PBXFileReference; lastKnownFileType = sourcecode.swift; path = FavoritesMoviesViewController.swift; sourceTree = "<group>"; };
		D10F7C922B831359007D27EB /* FavoritesManager.swift */ = {isa = PBXFileReference; lastKnownFileType = sourcecode.swift; path = FavoritesManager.swift; sourceTree = "<group>"; };
		D10F7C942B8316FA007D27EB /* MovieCollectionViewCell.swift */ = {isa = PBXFileReference; lastKnownFileType = sourcecode.swift; path = MovieCollectionViewCell.swift; sourceTree = "<group>"; };
/* End PBXFileReference section */

/* Begin PBXFrameworksBuildPhase section */
		D10F7C542B819DB6007D27EB /* Frameworks */ = {
			isa = PBXFrameworksBuildPhase;
			buildActionMask = 2147483647;
			files = (
			);
			runOnlyForDeploymentPostprocessing = 0;
		};
/* End PBXFrameworksBuildPhase section */

/* Begin PBXGroup section */
		D10F7C4E2B819DB6007D27EB = {
			isa = PBXGroup;
			children = (
				D10F7C592B819DB6007D27EB /* Talent-Wars */,
				D10F7C582B819DB6007D27EB /* Products */,
			);
			sourceTree = "<group>";
		};
		D10F7C582B819DB6007D27EB /* Products */ = {
			isa = PBXGroup;
			children = (
				D10F7C572B819DB6007D27EB /* Talent-Wars.app */,
			);
			name = Products;
			sourceTree = "<group>";
		};
		D10F7C592B819DB6007D27EB /* Talent-Wars */ = {
			isa = PBXGroup;
			children = (
				D10F7C822B81CDA0007D27EB /* Resources */,
				D10F7C5A2B819DB6007D27EB /* AppDelegate.swift */,
				D10F7C5C2B819DB6007D27EB /* SceneDelegate.swift */,
				D10F7C5E2B819DB6007D27EB /* ViewController.swift */,
				D10F7C702B81A5A9007D27EB /* Model */,
				D10F7C6F2B81A5A0007D27EB /* ViewModel */,
				D10F7C6E2B81A599007D27EB /* Views */,
			);
			path = "Talent-Wars";
			sourceTree = "<group>";
		};
		D10F7C6E2B81A599007D27EB /* Views */ = {
			isa = PBXGroup;
			children = (
				D10F7C7B2B81C12E007D27EB /* Subviews */,
				D10F7C792B81ACF9007D27EB /* HomeViewController.swift */,
				D10F7C862B81E31E007D27EB /* MovieDetailsViewController.swift */,
				D10F7C8E2B823CD2007D27EB /* FavoritesMoviesViewController.swift */,
			);
			path = Views;
			sourceTree = "<group>";
		};
		D10F7C6F2B81A5A0007D27EB /* ViewModel */ = {
			isa = PBXGroup;
			children = (
				D10F7C712B81A5CC007D27EB /* FlowCoordinatorController.swift */,
				D10F7C802B81C25B007D27EB /* HomeViewModel.swift */,
				D10F7C922B831359007D27EB /* FavoritesManager.swift */,
			);
			path = ViewModel;
			sourceTree = "<group>";
		};
		D10F7C702B81A5A9007D27EB /* Model */ = {
			isa = PBXGroup;
			children = (
				D10F7C732B81A690007D27EB /* Coordinator.swift */,
				D10F7C7E2B81C15C007D27EB /* MovieModel.swift */,
				D10F7C842B81D507007D27EB /* ModelAPI.swift */,
			);
			path = Model;
			sourceTree = "<group>";
		};
		D10F7C7B2B81C12E007D27EB /* Subviews */ = {
			isa = PBXGroup;
			children = (
				D10F7C7C2B81C148007D27EB /* MovieTableViewCell.swift */,
				D10F7C942B8316FA007D27EB /* MovieCollectionViewCell.swift */,
			);
			path = Subviews;
			sourceTree = "<group>";
		};
		D10F7C822B81CDA0007D27EB /* Resources */ = {
			isa = PBXGroup;
			children = (
				D10F7C882B823173007D27EB /* Jomhuria-Regular.ttf */,
				D10F7C632B819DB8007D27EB /* Assets.xcassets */,
				D10F7C652B819DB8007D27EB /* LaunchScreen.storyboard */,
				D10F7C682B819DB8007D27EB /* Info.plist */,
			);
			path = Resources;
			sourceTree = "<group>";
		};
/* End PBXGroup section */

/* Begin PBXNativeTarget section */
		D10F7C562B819DB6007D27EB /* Talent-Wars */ = {
			isa = PBXNativeTarget;
			buildConfigurationList = D10F7C6B2B819DB8007D27EB /* Build configuration list for PBXNativeTarget "Talent-Wars" */;
			buildPhases = (
				D10F7C532B819DB6007D27EB /* Sources */,
				D10F7C542B819DB6007D27EB /* Frameworks */,
				D10F7C552B819DB6007D27EB /* Resources */,
			);
			buildRules = (
			);
			dependencies = (
			);
			name = "Talent-Wars";
			productName = "Talent-Wars";
			productReference = D10F7C572B819DB6007D27EB /* Talent-Wars.app */;
			productType = "com.apple.product-type.application";
		};
/* End PBXNativeTarget section */

/* Begin PBXProject section */
		D10F7C4F2B819DB6007D27EB /* Project object */ = {
			isa = PBXProject;
			attributes = {
				BuildIndependentTargetsInParallel = 1;
				LastSwiftUpdateCheck = 1500;
				LastUpgradeCheck = 1500;
				TargetAttributes = {
					D10F7C562B819DB6007D27EB = {
						CreatedOnToolsVersion = 15.0;
					};
				};
			};
			buildConfigurationList = D10F7C522B819DB6007D27EB /* Build configuration list for PBXProject "Talent-Wars" */;
			compatibilityVersion = "Xcode 14.0";
			developmentRegion = en;
			hasScannedForEncodings = 0;
			knownRegions = (
				en,
				Base,
			);
			mainGroup = D10F7C4E2B819DB6007D27EB;
			productRefGroup = D10F7C582B819DB6007D27EB /* Products */;
			projectDirPath = "";
			projectRoot = "";
			targets = (
				D10F7C562B819DB6007D27EB /* Talent-Wars */,
			);
		};
/* End PBXProject section */

/* Begin PBXResourcesBuildPhase section */
		D10F7C552B819DB6007D27EB /* Resources */ = {
			isa = PBXResourcesBuildPhase;
			buildActionMask = 2147483647;
			files = (
				D10F7C672B819DB8007D27EB /* LaunchScreen.storyboard in Resources */,
				D10F7C642B819DB8007D27EB /* Assets.xcassets in Resources */,
				D10F7C892B823173007D27EB /* Jomhuria-Regular.ttf in Resources */,
			);
			runOnlyForDeploymentPostprocessing = 0;
		};
/* End PBXResourcesBuildPhase section */

/* Begin PBXSourcesBuildPhase section */
		D10F7C532B819DB6007D27EB /* Sources */ = {
			isa = PBXSourcesBuildPhase;
			buildActionMask = 2147483647;
			files = (
				D10F7C5F2B819DB6007D27EB /* ViewController.swift in Sources */,
				D10F7C812B81C25B007D27EB /* HomeViewModel.swift in Sources */,
				D10F7C7A2B81ACF9007D27EB /* HomeViewController.swift in Sources */,
				D10F7C7D2B81C148007D27EB /* MovieTableViewCell.swift in Sources */,
				D10F7C852B81D507007D27EB /* ModelAPI.swift in Sources */,
				D10F7C872B81E31F007D27EB /* MovieDetailsViewController.swift in Sources */,
				D10F7C5B2B819DB6007D27EB /* AppDelegate.swift in Sources */,
				D10F7C8F2B823CD2007D27EB /* FavoritesMoviesViewController.swift in Sources */,
				D10F7C7F2B81C15C007D27EB /* MovieModel.swift in Sources */,
				D10F7C742B81A690007D27EB /* Coordinator.swift in Sources */,
				D10F7C722B81A5CC007D27EB /* FlowCoordinatorController.swift in Sources */,
				D10F7C952B8316FA007D27EB /* MovieCollectionViewCell.swift in Sources */,
				D10F7C932B831359007D27EB /* FavoritesManager.swift in Sources */,
				D10F7C5D2B819DB6007D27EB /* SceneDelegate.swift in Sources */,
			);
			runOnlyForDeploymentPostprocessing = 0;
		};
/* End PBXSourcesBuildPhase section */

/* Begin PBXVariantGroup section */
		D10F7C652B819DB8007D27EB /* LaunchScreen.storyboard */ = {
			isa = PBXVariantGroup;
			children = (
				D10F7C662B819DB8007D27EB /* Base */,
			);
			name = LaunchScreen.storyboard;
			sourceTree = "<group>";
		};
/* End PBXVariantGroup section */

/* Begin XCBuildConfiguration section */
		D10F7C692B819DB8007D27EB /* Debug */ = {
			isa = XCBuildConfiguration;
			buildSettings = {
				ALWAYS_SEARCH_USER_PATHS = NO;
				ASSETCATALOG_COMPILER_GENERATE_SWIFT_ASSET_SYMBOL_EXTENSIONS = YES;
				CLANG_ANALYZER_NONNULL = YES;
				CLANG_ANALYZER_NUMBER_OBJECT_CONVERSION = YES_AGGRESSIVE;
				CLANG_CXX_LANGUAGE_STANDARD = "gnu++20";
				CLANG_ENABLE_MODULES = YES;
				CLANG_ENABLE_OBJC_ARC = YES;
				CLANG_ENABLE_OBJC_WEAK = YES;
				CLANG_WARN_BLOCK_CAPTURE_AUTORELEASING = YES;
				CLANG_WARN_BOOL_CONVERSION = YES;
				CLANG_WARN_COMMA = YES;
				CLANG_WARN_CONSTANT_CONVERSION = YES;
				CLANG_WARN_DEPRECATED_OBJC_IMPLEMENTATIONS = YES;
				CLANG_WARN_DIRECT_OBJC_ISA_USAGE = YES_ERROR;
				CLANG_WARN_DOCUMENTATION_COMMENTS = YES;
				CLANG_WARN_EMPTY_BODY = YES;
				CLANG_WARN_ENUM_CONVERSION = YES;
				CLANG_WARN_INFINITE_RECURSION = YES;
				CLANG_WARN_INT_CONVERSION = YES;
				CLANG_WARN_NON_LITERAL_NULL_CONVERSION = YES;
				CLANG_WARN_OBJC_IMPLICIT_RETAIN_SELF = YES;
				CLANG_WARN_OBJC_LITERAL_CONVERSION = YES;
				CLANG_WARN_OBJC_ROOT_CLASS = YES_ERROR;
				CLANG_WARN_QUOTED_INCLUDE_IN_FRAMEWORK_HEADER = YES;
				CLANG_WARN_RANGE_LOOP_ANALYSIS = YES;
				CLANG_WARN_STRICT_PROTOTYPES = YES;
				CLANG_WARN_SUSPICIOUS_MOVE = YES;
				CLANG_WARN_UNGUARDED_AVAILABILITY = YES_AGGRESSIVE;
				CLANG_WARN_UNREACHABLE_CODE = YES;
				CLANG_WARN__DUPLICATE_METHOD_MATCH = YES;
				COPY_PHASE_STRIP = NO;
				DEBUG_INFORMATION_FORMAT = dwarf;
				ENABLE_STRICT_OBJC_MSGSEND = YES;
				ENABLE_TESTABILITY = YES;
				ENABLE_USER_SCRIPT_SANDBOXING = YES;
				GCC_C_LANGUAGE_STANDARD = gnu17;
				GCC_DYNAMIC_NO_PIC = NO;
				GCC_NO_COMMON_BLOCKS = YES;
				GCC_OPTIMIZATION_LEVEL = 0;
				GCC_PREPROCESSOR_DEFINITIONS = (
					"DEBUG=1",
					"$(inherited)",
				);
				GCC_WARN_64_TO_32_BIT_CONVERSION = YES;
				GCC_WARN_ABOUT_RETURN_TYPE = YES_ERROR;
				GCC_WARN_UNDECLARED_SELECTOR = YES;
				GCC_WARN_UNINITIALIZED_AUTOS = YES_AGGRESSIVE;
				GCC_WARN_UNUSED_FUNCTION = YES;
				GCC_WARN_UNUSED_VARIABLE = YES;
				IPHONEOS_DEPLOYMENT_TARGET = 17.0;
				LOCALIZATION_PREFERS_STRING_CATALOGS = YES;
				MTL_ENABLE_DEBUG_INFO = INCLUDE_SOURCE;
				MTL_FAST_MATH = YES;
				ONLY_ACTIVE_ARCH = YES;
				SDKROOT = iphoneos;
				SWIFT_ACTIVE_COMPILATION_CONDITIONS = "DEBUG $(inherited)";
				SWIFT_OPTIMIZATION_LEVEL = "-Onone";
			};
			name = Debug;
		};
		D10F7C6A2B819DB8007D27EB /* Release */ = {
			isa = XCBuildConfiguration;
			buildSettings = {
				ALWAYS_SEARCH_USER_PATHS = NO;
				ASSETCATALOG_COMPILER_GENERATE_SWIFT_ASSET_SYMBOL_EXTENSIONS = YES;
				CLANG_ANALYZER_NONNULL = YES;
				CLANG_ANALYZER_NUMBER_OBJECT_CONVERSION = YES_AGGRESSIVE;
				CLANG_CXX_LANGUAGE_STANDARD = "gnu++20";
				CLANG_ENABLE_MODULES = YES;
				CLANG_ENABLE_OBJC_ARC = YES;
				CLANG_ENABLE_OBJC_WEAK = YES;
				CLANG_WARN_BLOCK_CAPTURE_AUTORELEASING = YES;
				CLANG_WARN_BOOL_CONVERSION = YES;
				CLANG_WARN_COMMA = YES;
				CLANG_WARN_CONSTANT_CONVERSION = YES;
				CLANG_WARN_DEPRECATED_OBJC_IMPLEMENTATIONS = YES;
				CLANG_WARN_DIRECT_OBJC_ISA_USAGE = YES_ERROR;
				CLANG_WARN_DOCUMENTATION_COMMENTS = YES;
				CLANG_WARN_EMPTY_BODY = YES;
				CLANG_WARN_ENUM_CONVERSION = YES;
				CLANG_WARN_INFINITE_RECURSION = YES;
				CLANG_WARN_INT_CONVERSION = YES;
				CLANG_WARN_NON_LITERAL_NULL_CONVERSION = YES;
				CLANG_WARN_OBJC_IMPLICIT_RETAIN_SELF = YES;
				CLANG_WARN_OBJC_LITERAL_CONVERSION = YES;
				CLANG_WARN_OBJC_ROOT_CLASS = YES_ERROR;
				CLANG_WARN_QUOTED_INCLUDE_IN_FRAMEWORK_HEADER = YES;
				CLANG_WARN_RANGE_LOOP_ANALYSIS = YES;
				CLANG_WARN_STRICT_PROTOTYPES = YES;
				CLANG_WARN_SUSPICIOUS_MOVE = YES;
				CLANG_WARN_UNGUARDED_AVAILABILITY = YES_AGGRESSIVE;
				CLANG_WARN_UNREACHABLE_CODE = YES;
				CLANG_WARN__DUPLICATE_METHOD_MATCH = YES;
				COPY_PHASE_STRIP = NO;
				DEBUG_INFORMATION_FORMAT = "dwarf-with-dsym";
				ENABLE_NS_ASSERTIONS = NO;
				ENABLE_STRICT_OBJC_MSGSEND = YES;
				ENABLE_USER_SCRIPT_SANDBOXING = YES;
				GCC_C_LANGUAGE_STANDARD = gnu17;
				GCC_NO_COMMON_BLOCKS = YES;
				GCC_WARN_64_TO_32_BIT_CONVERSION = YES;
				GCC_WARN_ABOUT_RETURN_TYPE = YES_ERROR;
				GCC_WARN_UNDECLARED_SELECTOR = YES;
				GCC_WARN_UNINITIALIZED_AUTOS = YES_AGGRESSIVE;
				GCC_WARN_UNUSED_FUNCTION = YES;
				GCC_WARN_UNUSED_VARIABLE = YES;
				IPHONEOS_DEPLOYMENT_TARGET = 17.0;
				LOCALIZATION_PREFERS_STRING_CATALOGS = YES;
				MTL_ENABLE_DEBUG_INFO = NO;
				MTL_FAST_MATH = YES;
				SDKROOT = iphoneos;
				SWIFT_COMPILATION_MODE = wholemodule;
				VALIDATE_PRODUCT = YES;
			};
			name = Release;
		};
		D10F7C6C2B819DB8007D27EB /* Debug */ = {
			isa = XCBuildConfiguration;
			buildSettings = {
				ASSETCATALOG_COMPILER_APPICON_NAME = AppIcon;
				ASSETCATALOG_COMPILER_GLOBAL_ACCENT_COLOR_NAME = AccentColor;
				CODE_SIGN_STYLE = Automatic;
				CURRENT_PROJECT_VERSION = 1;
				DEVELOPMENT_TEAM = 3SWCGFCJF2;
				GENERATE_INFOPLIST_FILE = YES;
				INFOPLIST_FILE = "Talent-Wars/Info.plist";
				INFOPLIST_KEY_UIApplicationSupportsIndirectInputEvents = YES;
				INFOPLIST_KEY_UILaunchStoryboardName = LaunchScreen;
				INFOPLIST_KEY_UISupportedInterfaceOrientations_iPad = "UIInterfaceOrientationPortrait UIInterfaceOrientationPortraitUpsideDown UIInterfaceOrientationLandscapeLeft UIInterfaceOrientationLandscapeRight";
				INFOPLIST_KEY_UISupportedInterfaceOrientations_iPhone = "UIInterfaceOrientationPortrait UIInterfaceOrientationLandscapeLeft UIInterfaceOrientationLandscapeRight";
				LD_RUNPATH_SEARCH_PATHS = (
					"$(inherited)",
					"@executable_path/Frameworks",
				);
				MARKETING_VERSION = 1.0;
				PRODUCT_BUNDLE_IDENTIFIER = "natan.Talent-Wars";
				PRODUCT_NAME = "$(TARGET_NAME)";
				SWIFT_EMIT_LOC_STRINGS = YES;
				SWIFT_VERSION = 5.0;
				TARGETED_DEVICE_FAMILY = "1,2";
			};
			name = Debug;
		};
		D10F7C6D2B819DB8007D27EB /* Release */ = {
			isa = XCBuildConfiguration;
			buildSettings = {
				ASSETCATALOG_COMPILER_APPICON_NAME = AppIcon;
				ASSETCATALOG_COMPILER_GLOBAL_ACCENT_COLOR_NAME = AccentColor;
				CODE_SIGN_STYLE = Automatic;
				CURRENT_PROJECT_VERSION = 1;
				DEVELOPMENT_TEAM = 3SWCGFCJF2;
				GENERATE_INFOPLIST_FILE = YES;
				INFOPLIST_FILE = "Talent-Wars/Info.plist";
				INFOPLIST_KEY_UIApplicationSupportsIndirectInputEvents = YES;
				INFOPLIST_KEY_UILaunchStoryboardName = LaunchScreen;
				INFOPLIST_KEY_UISupportedInterfaceOrientations_iPad = "UIInterfaceOrientationPortrait UIInterfaceOrientationPortraitUpsideDown UIInterfaceOrientationLandscapeLeft UIInterfaceOrientationLandscapeRight";
				INFOPLIST_KEY_UISupportedInterfaceOrientations_iPhone = "UIInterfaceOrientationPortrait UIInterfaceOrientationLandscapeLeft UIInterfaceOrientationLandscapeRight";
				LD_RUNPATH_SEARCH_PATHS = (
					"$(inherited)",
					"@executable_path/Frameworks",
				);
				MARKETING_VERSION = 1.0;
				PRODUCT_BUNDLE_IDENTIFIER = "natan.Talent-Wars";
				PRODUCT_NAME = "$(TARGET_NAME)";
				SWIFT_EMIT_LOC_STRINGS = YES;
				SWIFT_VERSION = 5.0;
				TARGETED_DEVICE_FAMILY = "1,2";
			};
			name = Release;
		};
/* End XCBuildConfiguration section */

/* Begin XCConfigurationList section */
		D10F7C522B819DB6007D27EB /* Build configuration list for PBXProject "Talent-Wars" */ = {
			isa = XCConfigurationList;
			buildConfigurations = (
				D10F7C692B819DB8007D27EB /* Debug */,
				D10F7C6A2B819DB8007D27EB /* Release */,
			);
			defaultConfigurationIsVisible = 0;
			defaultConfigurationName = Release;
		};
		D10F7C6B2B819DB8007D27EB /* Build configuration list for PBXNativeTarget "Talent-Wars" */ = {
			isa = XCConfigurationList;
			buildConfigurations = (
				D10F7C6C2B819DB8007D27EB /* Debug */,
				D10F7C6D2B819DB8007D27EB /* Release */,
			);
			defaultConfigurationIsVisible = 0;
			defaultConfigurationName = Release;
		};
/* End XCConfigurationList section */
	};
	rootObject = D10F7C4F2B819DB6007D27EB /* Project object */;
}
